
Microsoft Visual Studio Solution File, Format Version 12.00
# Visual Studio Version 17
VisualStudioVersion = 17.8.34330.188
MinimumVisualStudioVersion = 10.0.40219.1
Project("{FAE04EC0-301F-11D3-BF4B-00C04F79EFBC}") = "Diet.FormPL", "Diet.FormPL\Diet.FormPL.csproj", "{042721AC-89D2-428F-95B8-B439FE87BA07}"
EndProject
Project("{FAE04EC0-301F-11D3-BF4B-00C04F79EFBC}") = "Diet.BLL", "Diet.BLL\Diet.BLL.csproj", "{74D2DCD3-AEEE-444B-9803-8A750AC5FF1E}"
EndProject
Project("{FAE04EC0-301F-11D3-BF4B-00C04F79EFBC}") = "Diet.DAL", "Diet.DAL\Diet.DAL.csproj", "{C2FD899F-0DCC-48D3-8C87-05E454555556}"
EndProject
Global
	GlobalSection(SolutionConfigurationPlatforms) = preSolution
		Debug|Any CPU = Debug|Any CPU
		Release|Any CPU = Release|Any CPU
	EndGlobalSection
	GlobalSection(ProjectConfigurationPlatforms) = postSolution
		{042721AC-89D2-428F-95B8-B439FE87BA07}.Debug|Any CPU.ActiveCfg = Debug|Any CPU
		{042721AC-89D2-428F-95B8-B439FE87BA07}.Debug|Any CPU.Build.0 = Debug|Any CPU
		{042721AC-89D2-428F-95B8-B439FE87BA07}.Release|Any CPU.ActiveCfg = Release|Any CPU
		{042721AC-89D2-428F-95B8-B439FE87BA07}.Release|Any CPU.Build.0 = Release|Any CPU
		{74D2DCD3-AEEE-444B-9803-8A750AC5FF1E}.Debug|Any CPU.ActiveCfg = Debug|Any CPU
		{74D2DCD3-AEEE-444B-9803-8A750AC5FF1E}.Debug|Any CPU.Build.0 = Debug|Any CPU
		{74D2DCD3-AEEE-444B-9803-8A750AC5FF1E}.Release|Any CPU.ActiveCfg = Release|Any CPU
		{74D2DCD3-AEEE-444B-9803-8A750AC5FF1E}.Release|Any CPU.Build.0 = Release|Any CPU
		{C2FD899F-0DCC-48D3-8C87-05E454555556}.Debug|Any CPU.ActiveCfg = Debug|Any CPU
		{C2FD899F-0DCC-48D3-8C87-05E454555556}.Debug|Any CPU.Build.0 = Debug|Any CPU
		{C2FD899F-0DCC-48D3-8C87-05E454555556}.Release|Any CPU.ActiveCfg = Release|Any CPU
		{C2FD899F-0DCC-48D3-8C87-05E454555556}.Release|Any CPU.Build.0 = Release|Any CPU
	EndGlobalSection
	GlobalSection(SolutionProperties) = preSolution
		HideSolutionNode = FALSE
	EndGlobalSection
	GlobalSection(ExtensibilityGlobals) = postSolution
		SolutionGuid = {0CAB4B0D-278F-4D66-B101-CA21731F4483}
	EndGlobalSection
EndGlobal
